// !$*UTF8*$!
{
	archiveVersion = 1;
	classes = {
	};
	objectVersion = 46;
	objects = {

/* Begin PBXBuildFile section */
		5DFC58C89E340F5D90A4039C /* Pods_SwickTests.framework in Frameworks */ = {isa = PBXBuildFile; fileRef = 8DAD637B98BFA84E9AEE7ADF /* Pods_SwickTests.framework */; };
		F82B47021C791D36003A62CA /* Swick.h in Headers */ = {isa = PBXBuildFile; fileRef = F82B47011C791D36003A62CA /* Swick.h */; settings = {ATTRIBUTES = (Public, ); }; };
		F82B47091C791D36003A62CA /* Swick.framework in Frameworks */ = {isa = PBXBuildFile; fileRef = F82B46FE1C791D36003A62CA /* Swick.framework */; };
		F83683FA1C8EC263005442E5 /* ProtocolTests.swift in Sources */ = {isa = PBXBuildFile; fileRef = F83683F91C8EC263005442E5 /* ProtocolTests.swift */; };
		F86A05C71D02DB99004B5066 /* CallRecord.swift in Sources */ = {isa = PBXBuildFile; fileRef = F86A05B31D02DB99004B5066 /* CallRecord.swift */; };
		F86A05C81D02DB99004B5066 /* Expectation.swift in Sources */ = {isa = PBXBuildFile; fileRef = F86A05B41D02DB99004B5066 /* Expectation.swift */; };
		F86A05C91D02DB99004B5066 /* MockManager.swift in Sources */ = {isa = PBXBuildFile; fileRef = F86A05B61D02DB99004B5066 /* MockManager.swift */; };
		F86A05CA1D02DB99004B5066 /* SwickMockManager.swift in Sources */ = {isa = PBXBuildFile; fileRef = F86A05B71D02DB99004B5066 /* SwickMockManager.swift */; };
		F86A05CB1D02DB99004B5066 /* FunctionalMatcher.swift in Sources */ = {isa = PBXBuildFile; fileRef = F86A05B91D02DB99004B5066 /* FunctionalMatcher.swift */; };
		F86A05CC1D02DB99004B5066 /* Matcher.swift in Sources */ = {isa = PBXBuildFile; fileRef = F86A05BA1D02DB99004B5066 /* Matcher.swift */; };
		F86A05CD1D02DB99004B5066 /* Stub.swift in Sources */ = {isa = PBXBuildFile; fileRef = F86A05BC1D02DB99004B5066 /* Stub.swift */; };
		F86A05CE1D02DB99004B5066 /* StubForFunctionBuilder.swift in Sources */ = {isa = PBXBuildFile; fileRef = F86A05BD1D02DB99004B5066 /* StubForFunctionBuilder.swift */; };
		F86A05CF1D02DB99004B5066 /* FileLine.swift in Sources */ = {isa = PBXBuildFile; fileRef = F86A05BF1D02DB99004B5066 /* FileLine.swift */; };
		F86A05D01D02DB99004B5066 /* SwickError.swift in Sources */ = {isa = PBXBuildFile; fileRef = F86A05C01D02DB99004B5066 /* SwickError.swift */; };
		F86A05D11D02DB99004B5066 /* SwickVoid.swift in Sources */ = {isa = PBXBuildFile; fileRef = F86A05C11D02DB99004B5066 /* SwickVoid.swift */; };
		F86A05D21D02DB99004B5066 /* FailDescription.swift in Sources */ = {isa = PBXBuildFile; fileRef = F86A05C31D02DB99004B5066 /* FailDescription.swift */; };
		F86A05D31D02DB99004B5066 /* Failer.swift in Sources */ = {isa = PBXBuildFile; fileRef = F86A05C41D02DB99004B5066 /* Failer.swift */; };
		F86A05D41D02DB99004B5066 /* VerificationResult.swift in Sources */ = {isa = PBXBuildFile; fileRef = F86A05C51D02DB99004B5066 /* VerificationResult.swift */; };
		F86A05D51D02DB99004B5066 /* XcodeTestFailer.swift in Sources */ = {isa = PBXBuildFile; fileRef = F86A05C61D02DB99004B5066 /* XcodeTestFailer.swift */; };
		F86A05D81D02DBAE004B5066 /* MockType.swift in Sources */ = {isa = PBXBuildFile; fileRef = F86A05D71D02DBAE004B5066 /* MockType.swift */; };
		F86A05DA1D02DBC2004B5066 /* StubBuilder.swift in Sources */ = {isa = PBXBuildFile; fileRef = F86A05D91D02DBC2004B5066 /* StubBuilder.swift */; };
		F86A05DC1D02DBDA004B5066 /* ExpectationBuilder.swift in Sources */ = {isa = PBXBuildFile; fileRef = F86A05DB1D02DBDA004B5066 /* ExpectationBuilder.swift */; };
		F889C3AD1D040FF500A6990E /* ProtocolMock.swift in Sources */ = {isa = PBXBuildFile; fileRef = F889C3AB1D040FF500A6990E /* ProtocolMock.swift */; };
		F889C3AF1D04101600A6990E /* Math.swift in Sources */ = {isa = PBXBuildFile; fileRef = F889C3AE1D04101600A6990E /* Math.swift */; };
		F889C3B11D04101C00A6990E /* MathMock.swift in Sources */ = {isa = PBXBuildFile; fileRef = F889C3B01D04101C00A6990E /* MathMock.swift */; };
		F889C3B31D0410A500A6990E /* MathTests.swift in Sources */ = {isa = PBXBuildFile; fileRef = F889C3B21D0410A500A6990E /* MathTests.swift */; };
/* End PBXBuildFile section */

/* Begin PBXContainerItemProxy section */
		F82B470A1C791D36003A62CA /* PBXContainerItemProxy */ = {
			isa = PBXContainerItemProxy;
			containerPortal = F82B46F51C791D36003A62CA /* Project object */;
			proxyType = 1;
			remoteGlobalIDString = F82B46FD1C791D36003A62CA;
			remoteInfo = Swick;
		};
/* End PBXContainerItemProxy section */

/* Begin PBXFileReference section */
		0D03D14FD97A6D523D3D8B90 /* Pods-SwickTests.debug.xcconfig */ = {isa = PBXFileReference; includeInIndex = 1; lastKnownFileType = text.xcconfig; name = "Pods-SwickTests.debug.xcconfig"; path = "Pods/Target Support Files/Pods-SwickTests/Pods-SwickTests.debug.xcconfig"; sourceTree = "<group>"; };
		2A3DCBBC791A7563339CE0CA /* Pods_SwickGen.framework */ = {isa = PBXFileReference; explicitFileType = wrapper.framework; includeInIndex = 0; path = Pods_SwickGen.framework; sourceTree = BUILT_PRODUCTS_DIR; };
		4932C477C9D79392C8788960 /* Pods-SwickGen.release.xcconfig */ = {isa = PBXFileReference; includeInIndex = 1; lastKnownFileType = text.xcconfig; name = "Pods-SwickGen.release.xcconfig"; path = "Pods/Target Support Files/Pods-SwickGen/Pods-SwickGen.release.xcconfig"; sourceTree = "<group>"; };
		4B308736033724607BD7CD00 /* Pods-SwickGen.debug.xcconfig */ = {isa = PBXFileReference; includeInIndex = 1; lastKnownFileType = text.xcconfig; name = "Pods-SwickGen.debug.xcconfig"; path = "Pods/Target Support Files/Pods-SwickGen/Pods-SwickGen.debug.xcconfig"; sourceTree = "<group>"; };
		8C6398CADB2A4C19C5C5F76D /* Pods_SwickGenTests.framework */ = {isa = PBXFileReference; explicitFileType = wrapper.framework; includeInIndex = 0; path = Pods_SwickGenTests.framework; sourceTree = BUILT_PRODUCTS_DIR; };
		8DAD637B98BFA84E9AEE7ADF /* Pods_SwickTests.framework */ = {isa = PBXFileReference; explicitFileType = wrapper.framework; includeInIndex = 0; path = Pods_SwickTests.framework; sourceTree = BUILT_PRODUCTS_DIR; };
		A58EAA5F61AECBF90BB6382B /* Pods-SwickGenTests.release.xcconfig */ = {isa = PBXFileReference; includeInIndex = 1; lastKnownFileType = text.xcconfig; name = "Pods-SwickGenTests.release.xcconfig"; path = "Pods/Target Support Files/Pods-SwickGenTests/Pods-SwickGenTests.release.xcconfig"; sourceTree = "<group>"; };
		C6D25348728D2F96B8EEB095 /* Pods-SwickTests.release.xcconfig */ = {isa = PBXFileReference; includeInIndex = 1; lastKnownFileType = text.xcconfig; name = "Pods-SwickTests.release.xcconfig"; path = "Pods/Target Support Files/Pods-SwickTests/Pods-SwickTests.release.xcconfig"; sourceTree = "<group>"; };
		F6717E697CFBA548493D1C66 /* Pods-SwickGenTests.debug.xcconfig */ = {isa = PBXFileReference; includeInIndex = 1; lastKnownFileType = text.xcconfig; name = "Pods-SwickGenTests.debug.xcconfig"; path = "Pods/Target Support Files/Pods-SwickGenTests/Pods-SwickGenTests.debug.xcconfig"; sourceTree = "<group>"; };
		F82B46FE1C791D36003A62CA /* Swick.framework */ = {isa = PBXFileReference; explicitFileType = wrapper.framework; includeInIndex = 0; path = Swick.framework; sourceTree = BUILT_PRODUCTS_DIR; };
		F82B47011C791D36003A62CA /* Swick.h */ = {isa = PBXFileReference; lastKnownFileType = sourcecode.c.h; path = Swick.h; sourceTree = "<group>"; };
		F82B47031C791D36003A62CA /* Info.plist */ = {isa = PBXFileReference; lastKnownFileType = text.plist.xml; path = Info.plist; sourceTree = "<group>"; };
		F82B47081C791D36003A62CA /* SwickTests.xctest */ = {isa = PBXFileReference; explicitFileType = wrapper.cfbundle; includeInIndex = 0; path = SwickTests.xctest; sourceTree = BUILT_PRODUCTS_DIR; };
		F82B470F1C791D36003A62CA /* Info.plist */ = {isa = PBXFileReference; lastKnownFileType = text.plist.xml; path = Info.plist; sourceTree = "<group>"; };
		F82B488B1C7A3682003A62CA /* SwiftXPC.framework */ = {isa = PBXFileReference; lastKnownFileType = wrapper.framework; name = SwiftXPC.framework; path = Submodules/SwiftXPC/build/Debug/SwiftXPC.framework; sourceTree = "<group>"; };
		F83683F91C8EC263005442E5 /* ProtocolTests.swift */ = {isa = PBXFileReference; fileEncoding = 4; lastKnownFileType = sourcecode.swift; name = ProtocolTests.swift; path = ../ProtocolTests.swift; sourceTree = "<group>"; };
		F86A05B31D02DB99004B5066 /* CallRecord.swift */ = {isa = PBXFileReference; fileEncoding = 4; lastKnownFileType = sourcecode.swift; path = CallRecord.swift; sourceTree = "<group>"; };
		F86A05B41D02DB99004B5066 /* Expectation.swift */ = {isa = PBXFileReference; fileEncoding = 4; lastKnownFileType = sourcecode.swift; path = Expectation.swift; sourceTree = "<group>"; };
		F86A05B61D02DB99004B5066 /* MockManager.swift */ = {isa = PBXFileReference; fileEncoding = 4; lastKnownFileType = sourcecode.swift; path = MockManager.swift; sourceTree = "<group>"; };
		F86A05B71D02DB99004B5066 /* SwickMockManager.swift */ = {isa = PBXFileReference; fileEncoding = 4; lastKnownFileType = sourcecode.swift; path = SwickMockManager.swift; sourceTree = "<group>"; };
		F86A05B91D02DB99004B5066 /* FunctionalMatcher.swift */ = {isa = PBXFileReference; fileEncoding = 4; lastKnownFileType = sourcecode.swift; path = FunctionalMatcher.swift; sourceTree = "<group>"; };
		F86A05BA1D02DB99004B5066 /* Matcher.swift */ = {isa = PBXFileReference; fileEncoding = 4; lastKnownFileType = sourcecode.swift; path = Matcher.swift; sourceTree = "<group>"; };
		F86A05BC1D02DB99004B5066 /* Stub.swift */ = {isa = PBXFileReference; fileEncoding = 4; lastKnownFileType = sourcecode.swift; path = Stub.swift; sourceTree = "<group>"; };
		F86A05BD1D02DB99004B5066 /* StubForFunctionBuilder.swift */ = {isa = PBXFileReference; fileEncoding = 4; lastKnownFileType = sourcecode.swift; path = StubForFunctionBuilder.swift; sourceTree = "<group>"; };
		F86A05BF1D02DB99004B5066 /* FileLine.swift */ = {isa = PBXFileReference; fileEncoding = 4; lastKnownFileType = sourcecode.swift; path = FileLine.swift; sourceTree = "<group>"; };
		F86A05C01D02DB99004B5066 /* SwickError.swift */ = {isa = PBXFileReference; fileEncoding = 4; lastKnownFileType = sourcecode.swift; path = SwickError.swift; sourceTree = "<group>"; };
		F86A05C11D02DB99004B5066 /* SwickVoid.swift */ = {isa = PBXFileReference; fileEncoding = 4; lastKnownFileType = sourcecode.swift; path = SwickVoid.swift; sourceTree = "<group>"; };
		F86A05C31D02DB99004B5066 /* FailDescription.swift */ = {isa = PBXFileReference; fileEncoding = 4; lastKnownFileType = sourcecode.swift; path = FailDescription.swift; sourceTree = "<group>"; };
		F86A05C41D02DB99004B5066 /* Failer.swift */ = {isa = PBXFileReference; fileEncoding = 4; lastKnownFileType = sourcecode.swift; path = Failer.swift; sourceTree = "<group>"; };
		F86A05C51D02DB99004B5066 /* VerificationResult.swift */ = {isa = PBXFileReference; fileEncoding = 4; lastKnownFileType = sourcecode.swift; path = VerificationResult.swift; sourceTree = "<group>"; };
		F86A05C61D02DB99004B5066 /* XcodeTestFailer.swift */ = {isa = PBXFileReference; fileEncoding = 4; lastKnownFileType = sourcecode.swift; path = XcodeTestFailer.swift; sourceTree = "<group>"; };
		F86A05D71D02DBAE004B5066 /* MockType.swift */ = {isa = PBXFileReference; fileEncoding = 4; lastKnownFileType = sourcecode.swift; path = MockType.swift; sourceTree = "<group>"; };
		F86A05D91D02DBC2004B5066 /* StubBuilder.swift */ = {isa = PBXFileReference; fileEncoding = 4; lastKnownFileType = sourcecode.swift; path = StubBuilder.swift; sourceTree = "<group>"; };
		F86A05DB1D02DBDA004B5066 /* ExpectationBuilder.swift */ = {isa = PBXFileReference; fileEncoding = 4; lastKnownFileType = sourcecode.swift; path = ExpectationBuilder.swift; sourceTree = "<group>"; };
		F87A68931C7C92F6009AB422 /* SourceKittenFramework.framework */ = {isa = PBXFileReference; lastKnownFileType = wrapper.framework; name = SourceKittenFramework.framework; path = Frameworks/SourceKittenFramework.framework; sourceTree = "<group>"; };
		F889C3AB1D040FF500A6990E /* ProtocolMock.swift */ = {isa = PBXFileReference; fileEncoding = 4; lastKnownFileType = sourcecode.swift; path = ProtocolMock.swift; sourceTree = "<group>"; };
		F889C3AE1D04101600A6990E /* Math.swift */ = {isa = PBXFileReference; fileEncoding = 4; lastKnownFileType = sourcecode.swift; path = Math.swift; sourceTree = "<group>"; };
		F889C3B01D04101C00A6990E /* MathMock.swift */ = {isa = PBXFileReference; fileEncoding = 4; lastKnownFileType = sourcecode.swift; path = MathMock.swift; sourceTree = "<group>"; };
		F889C3B21D0410A500A6990E /* MathTests.swift */ = {isa = PBXFileReference; fileEncoding = 4; lastKnownFileType = sourcecode.swift; path = MathTests.swift; sourceTree = "<group>"; };
/* End PBXFileReference section */

/* Begin PBXFrameworksBuildPhase section */
		F82B46FA1C791D36003A62CA /* Frameworks */ = {
			isa = PBXFrameworksBuildPhase;
			buildActionMask = 2147483647;
			files = (
			);
			runOnlyForDeploymentPostprocessing = 0;
		};
		F82B47051C791D36003A62CA /* Frameworks */ = {
			isa = PBXFrameworksBuildPhase;
			buildActionMask = 2147483647;
			files = (
				F82B47091C791D36003A62CA /* Swick.framework in Frameworks */,
				5DFC58C89E340F5D90A4039C /* Pods_SwickTests.framework in Frameworks */,
			);
			runOnlyForDeploymentPostprocessing = 0;
		};
/* End PBXFrameworksBuildPhase section */

/* Begin PBXGroup section */
		2839BEB5A4056CFD9C0174F9 /* Frameworks */ = {
			isa = PBXGroup;
			children = (
				F87A68931C7C92F6009AB422 /* SourceKittenFramework.framework */,
				F82B488B1C7A3682003A62CA /* SwiftXPC.framework */,
				2A3DCBBC791A7563339CE0CA /* Pods_SwickGen.framework */,
				8C6398CADB2A4C19C5C5F76D /* Pods_SwickGenTests.framework */,
				8DAD637B98BFA84E9AEE7ADF /* Pods_SwickTests.framework */,
			);
			name = Frameworks;
			sourceTree = "<group>";
		};
		884C6684D24098293CC11E85 /* Pods */ = {
			isa = PBXGroup;
			children = (
				4B308736033724607BD7CD00 /* Pods-SwickGen.debug.xcconfig */,
				4932C477C9D79392C8788960 /* Pods-SwickGen.release.xcconfig */,
				F6717E697CFBA548493D1C66 /* Pods-SwickGenTests.debug.xcconfig */,
				A58EAA5F61AECBF90BB6382B /* Pods-SwickGenTests.release.xcconfig */,
				0D03D14FD97A6D523D3D8B90 /* Pods-SwickTests.debug.xcconfig */,
				C6D25348728D2F96B8EEB095 /* Pods-SwickTests.release.xcconfig */,
			);
			name = Pods;
			sourceTree = "<group>";
		};
		F82B46F41C791D36003A62CA = {
			isa = PBXGroup;
			children = (
				F82B47001C791D36003A62CA /* Swick */,
				F82B470C1C791D36003A62CA /* SwickTests */,
				F82B46FF1C791D36003A62CA /* Products */,
				2839BEB5A4056CFD9C0174F9 /* Frameworks */,
				884C6684D24098293CC11E85 /* Pods */,
			);
			sourceTree = "<group>";
		};
		F82B46FF1C791D36003A62CA /* Products */ = {
			isa = PBXGroup;
			children = (
				F82B46FE1C791D36003A62CA /* Swick.framework */,
				F82B47081C791D36003A62CA /* SwickTests.xctest */,
			);
			name = Products;
			sourceTree = "<group>";
		};
		F82B47001C791D36003A62CA /* Swick */ = {
			isa = PBXGroup;
			children = (
				F83683E71C8EBF9D005442E5 /* Sources */,
				F82B47011C791D36003A62CA /* Swick.h */,
				F82B47031C791D36003A62CA /* Info.plist */,
			);
			path = Swick;
			sourceTree = "<group>";
		};
		F82B470C1C791D36003A62CA /* SwickTests */ = {
			isa = PBXGroup;
			children = (
				F889C3AA1D040FF500A6990E /* SampleForSwickGen */,
				F889C3AC1D040FF500A6990E /* SwickGenOutput */,
				F82B470F1C791D36003A62CA /* Info.plist */,
			);
			path = SwickTests;
			sourceTree = "<group>";
		};
		F83683E71C8EBF9D005442E5 /* Sources */ = {
			isa = PBXGroup;
			children = (
				F86A05D61D02DBA6004B5066 /* Mock */,
				F86A05B21D02DB99004B5066 /* Expect */,
				F86A05B51D02DB99004B5066 /* Manager */,
				F86A05B81D02DB99004B5066 /* Match */,
				F86A05BB1D02DB99004B5066 /* Stub */,
				F86A05BE1D02DB99004B5066 /* Utility */,
				F86A05C21D02DB99004B5066 /* Verify */,
			);
			path = Sources;
			sourceTree = "<group>";
		};
		F86A05B21D02DB99004B5066 /* Expect */ = {
			isa = PBXGroup;
			children = (
				F86A05B31D02DB99004B5066 /* CallRecord.swift */,
				F86A05B41D02DB99004B5066 /* Expectation.swift */,
				F86A05DB1D02DBDA004B5066 /* ExpectationBuilder.swift */,
			);
			path = Expect;
			sourceTree = "<group>";
		};
		F86A05B51D02DB99004B5066 /* Manager */ = {
			isa = PBXGroup;
			children = (
				F86A05B61D02DB99004B5066 /* MockManager.swift */,
				F86A05B71D02DB99004B5066 /* SwickMockManager.swift */,
			);
			path = Manager;
			sourceTree = "<group>";
		};
		F86A05B81D02DB99004B5066 /* Match */ = {
			isa = PBXGroup;
			children = (
				F86A05B91D02DB99004B5066 /* FunctionalMatcher.swift */,
				F86A05BA1D02DB99004B5066 /* Matcher.swift */,
			);
			path = Match;
			sourceTree = "<group>";
		};
		F86A05BB1D02DB99004B5066 /* Stub */ = {
			isa = PBXGroup;
			children = (
				F86A05BC1D02DB99004B5066 /* Stub.swift */,
				F86A05BD1D02DB99004B5066 /* StubForFunctionBuilder.swift */,
				F86A05D91D02DBC2004B5066 /* StubBuilder.swift */,
			);
			path = Stub;
			sourceTree = "<group>";
		};
		F86A05BE1D02DB99004B5066 /* Utility */ = {
			isa = PBXGroup;
			children = (
				F86A05BF1D02DB99004B5066 /* FileLine.swift */,
				F86A05C01D02DB99004B5066 /* SwickError.swift */,
				F86A05C11D02DB99004B5066 /* SwickVoid.swift */,
			);
			path = Utility;
			sourceTree = "<group>";
		};
		F86A05C21D02DB99004B5066 /* Verify */ = {
			isa = PBXGroup;
			children = (
				F86A05C31D02DB99004B5066 /* FailDescription.swift */,
				F86A05C41D02DB99004B5066 /* Failer.swift */,
				F86A05C51D02DB99004B5066 /* VerificationResult.swift */,
				F86A05C61D02DB99004B5066 /* XcodeTestFailer.swift */,
			);
			path = Verify;
			sourceTree = "<group>";
		};
		F86A05D61D02DBA6004B5066 /* Mock */ = {
			isa = PBXGroup;
			children = (
				F86A05D71D02DBAE004B5066 /* MockType.swift */,
			);
			path = Mock;
			sourceTree = "<group>";
		};
		F889C3AA1D040FF500A6990E /* SampleForSwickGen */ = {
			isa = PBXGroup;
			children = (
				F83683F91C8EC263005442E5 /* ProtocolTests.swift */,
				F889C3AB1D040FF500A6990E /* ProtocolMock.swift */,
			);
			path = SampleForSwickGen;
			sourceTree = "<group>";
		};
		F889C3AC1D040FF500A6990E /* SwickGenOutput */ = {
			isa = PBXGroup;
			children = (
				F889C3AE1D04101600A6990E /* Math.swift */,
				F889C3B01D04101C00A6990E /* MathMock.swift */,
				F889C3B21D0410A500A6990E /* MathTests.swift */,
			);
			path = SwickGenOutput;
			sourceTree = "<group>";
		};
/* End PBXGroup section */

/* Begin PBXHeadersBuildPhase section */
		F82B46FB1C791D36003A62CA /* Headers */ = {
			isa = PBXHeadersBuildPhase;
			buildActionMask = 2147483647;
			files = (
				F82B47021C791D36003A62CA /* Swick.h in Headers */,
			);
			runOnlyForDeploymentPostprocessing = 0;
		};
/* End PBXHeadersBuildPhase section */

/* Begin PBXNativeTarget section */
		F82B46FD1C791D36003A62CA /* Swick */ = {
			isa = PBXNativeTarget;
			buildConfigurationList = F82B47121C791D36003A62CA /* Build configuration list for PBXNativeTarget "Swick" */;
			buildPhases = (
				F82B46F91C791D36003A62CA /* Sources */,
				F82B46FA1C791D36003A62CA /* Frameworks */,
				F82B46FB1C791D36003A62CA /* Headers */,
				F82B46FC1C791D36003A62CA /* Resources */,
			);
			buildRules = (
			);
			dependencies = (
			);
			name = Swick;
			productName = Swick;
			productReference = F82B46FE1C791D36003A62CA /* Swick.framework */;
			productType = "com.apple.product-type.framework";
		};
		F82B47071C791D36003A62CA /* SwickTests */ = {
			isa = PBXNativeTarget;
			buildConfigurationList = F82B47151C791D36003A62CA /* Build configuration list for PBXNativeTarget "SwickTests" */;
			buildPhases = (
				A05168117BE5A61E6F96669A /* Check Pods Manifest.lock */,
				F82B47041C791D36003A62CA /* Sources */,
				F82B47051C791D36003A62CA /* Frameworks */,
				F82B47061C791D36003A62CA /* Resources */,
				C97D1BB547C3B7C26545EE0C /* Embed Pods Frameworks */,
				D8759DAD2824AD305719C5EA /* Copy Pods Resources */,
			);
			buildRules = (
			);
			dependencies = (
				F82B470B1C791D36003A62CA /* PBXTargetDependency */,
			);
			name = SwickTests;
			productName = SwickTests;
			productReference = F82B47081C791D36003A62CA /* SwickTests.xctest */;
			productType = "com.apple.product-type.bundle.unit-test";
		};
/* End PBXNativeTarget section */

/* Begin PBXProject section */
		F82B46F51C791D36003A62CA /* Project object */ = {
			isa = PBXProject;
			attributes = {
				LastSwiftUpdateCheck = 0720;
				LastUpgradeCheck = 0720;
				ORGANIZATIONNAME = "Artyom Y. Razinov";
				TargetAttributes = {
					F82B46FD1C791D36003A62CA = {
						CreatedOnToolsVersion = 7.2.1;
					};
					F82B47071C791D36003A62CA = {
						CreatedOnToolsVersion = 7.2.1;
					};
				};
			};
			buildConfigurationList = F82B46F81C791D36003A62CA /* Build configuration list for PBXProject "Swick" */;
			compatibilityVersion = "Xcode 3.2";
			developmentRegion = English;
			hasScannedForEncodings = 0;
			knownRegions = (
				en,
				Base,
			);
			mainGroup = F82B46F41C791D36003A62CA;
			productRefGroup = F82B46FF1C791D36003A62CA /* Products */;
			projectDirPath = "";
			projectRoot = "";
			targets = (
				F82B46FD1C791D36003A62CA /* Swick */,
				F82B47071C791D36003A62CA /* SwickTests */,
			);
		};
/* End PBXProject section */

/* Begin PBXResourcesBuildPhase section */
		F82B46FC1C791D36003A62CA /* Resources */ = {
			isa = PBXResourcesBuildPhase;
			buildActionMask = 2147483647;
			files = (
			);
			runOnlyForDeploymentPostprocessing = 0;
		};
		F82B47061C791D36003A62CA /* Resources */ = {
			isa = PBXResourcesBuildPhase;
			buildActionMask = 2147483647;
			files = (
			);
			runOnlyForDeploymentPostprocessing = 0;
		};
/* End PBXResourcesBuildPhase section */

/* Begin PBXShellScriptBuildPhase section */
		A05168117BE5A61E6F96669A /* Check Pods Manifest.lock */ = {
			isa = PBXShellScriptBuildPhase;
			buildActionMask = 2147483647;
			files = (
			);
			inputPaths = (
			);
			name = "Check Pods Manifest.lock";
			outputPaths = (
			);
			runOnlyForDeploymentPostprocessing = 0;
			shellPath = /bin/sh;
			shellScript = "diff \"${PODS_ROOT}/../Podfile.lock\" \"${PODS_ROOT}/Manifest.lock\" > /dev/null\nif [[ $? != 0 ]] ; then\n    cat << EOM\nerror: The sandbox is not in sync with the Podfile.lock. Run 'pod install' or update your CocoaPods installation.\nEOM\n    exit 1\nfi\n";
			showEnvVarsInLog = 0;
		};
		C97D1BB547C3B7C26545EE0C /* Embed Pods Frameworks */ = {
			isa = PBXShellScriptBuildPhase;
			buildActionMask = 2147483647;
			files = (
			);
			inputPaths = (
			);
			name = "Embed Pods Frameworks";
			outputPaths = (
			);
			runOnlyForDeploymentPostprocessing = 0;
			shellPath = /bin/sh;
			shellScript = "\"${SRCROOT}/Pods/Target Support Files/Pods-SwickTests/Pods-SwickTests-frameworks.sh\"\n";
			showEnvVarsInLog = 0;
		};
		D8759DAD2824AD305719C5EA /* Copy Pods Resources */ = {
			isa = PBXShellScriptBuildPhase;
			buildActionMask = 2147483647;
			files = (
			);
			inputPaths = (
			);
			name = "Copy Pods Resources";
			outputPaths = (
			);
			runOnlyForDeploymentPostprocessing = 0;
			shellPath = /bin/sh;
			shellScript = "\"${SRCROOT}/Pods/Target Support Files/Pods-SwickTests/Pods-SwickTests-resources.sh\"\n";
			showEnvVarsInLog = 0;
		};
/* End PBXShellScriptBuildPhase section */

/* Begin PBXSourcesBuildPhase section */
		F82B46F91C791D36003A62CA /* Sources */ = {
			isa = PBXSourcesBuildPhase;
			buildActionMask = 2147483647;
			files = (
				F86A05D21D02DB99004B5066 /* FailDescription.swift in Sources */,
				F86A05DA1D02DBC2004B5066 /* StubBuilder.swift in Sources */,
				F86A05CD1D02DB99004B5066 /* Stub.swift in Sources */,
				F86A05CB1D02DB99004B5066 /* FunctionalMatcher.swift in Sources */,
				F86A05CA1D02DB99004B5066 /* SwickMockManager.swift in Sources */,
				F86A05D01D02DB99004B5066 /* SwickError.swift in Sources */,
				F86A05CC1D02DB99004B5066 /* Matcher.swift in Sources */,
				F86A05C81D02DB99004B5066 /* Expectation.swift in Sources */,
				F86A05CE1D02DB99004B5066 /* StubForFunctionBuilder.swift in Sources */,
				F86A05D31D02DB99004B5066 /* Failer.swift in Sources */,
				F86A05C71D02DB99004B5066 /* CallRecord.swift in Sources */,
				F86A05C91D02DB99004B5066 /* MockManager.swift in Sources */,
				F86A05CF1D02DB99004B5066 /* FileLine.swift in Sources */,
				F86A05DC1D02DBDA004B5066 /* ExpectationBuilder.swift in Sources */,
				F86A05D11D02DB99004B5066 /* SwickVoid.swift in Sources */,
				F86A05D41D02DB99004B5066 /* VerificationResult.swift in Sources */,
				F86A05D81D02DBAE004B5066 /* MockType.swift in Sources */,
				F86A05D51D02DB99004B5066 /* XcodeTestFailer.swift in Sources */,
			);
			runOnlyForDeploymentPostprocessing = 0;
		};
		F82B47041C791D36003A62CA /* Sources */ = {
			isa = PBXSourcesBuildPhase;
			buildActionMask = 2147483647;
			files = (
				F83683FA1C8EC263005442E5 /* ProtocolTests.swift in Sources */,
				F889C3B31D0410A500A6990E /* MathTests.swift in Sources */,
				F889C3B11D04101C00A6990E /* MathMock.swift in Sources */,
				F889C3AD1D040FF500A6990E /* ProtocolMock.swift in Sources */,
				F889C3AF1D04101600A6990E /* Math.swift in Sources */,
			);
			runOnlyForDeploymentPostprocessing = 0;
		};
/* End PBXSourcesBuildPhase section */

/* Begin PBXTargetDependency section */
		F82B470B1C791D36003A62CA /* PBXTargetDependency */ = {
			isa = PBXTargetDependency;
			target = F82B46FD1C791D36003A62CA /* Swick */;
			targetProxy = F82B470A1C791D36003A62CA /* PBXContainerItemProxy */;
		};
/* End PBXTargetDependency section */

/* Begin XCBuildConfiguration section */
		F82B47101C791D36003A62CA /* Debug */ = {
			isa = XCBuildConfiguration;
			buildSettings = {
				ALWAYS_SEARCH_USER_PATHS = NO;
				CLANG_CXX_LANGUAGE_STANDARD = "gnu++0x";
				CLANG_CXX_LIBRARY = "libc++";
				CLANG_ENABLE_MODULES = YES;
				CLANG_ENABLE_OBJC_ARC = YES;
				CLANG_WARN_BOOL_CONVERSION = YES;
				CLANG_WARN_CONSTANT_CONVERSION = YES;
				CLANG_WARN_DIRECT_OBJC_ISA_USAGE = YES_ERROR;
				CLANG_WARN_EMPTY_BODY = YES;
				CLANG_WARN_ENUM_CONVERSION = YES;
				CLANG_WARN_INT_CONVERSION = YES;
				CLANG_WARN_OBJC_ROOT_CLASS = YES_ERROR;
				CLANG_WARN_UNREACHABLE_CODE = YES;
				CLANG_WARN__DUPLICATE_METHOD_MATCH = YES;
				COPY_PHASE_STRIP = NO;
				CURRENT_PROJECT_VERSION = 1;
				DEBUG_INFORMATION_FORMAT = dwarf;
				ENABLE_STRICT_OBJC_MSGSEND = YES;
				ENABLE_TESTABILITY = YES;
				GCC_C_LANGUAGE_STANDARD = gnu99;
				GCC_DYNAMIC_NO_PIC = NO;
				GCC_NO_COMMON_BLOCKS = YES;
				GCC_OPTIMIZATION_LEVEL = 0;
				GCC_PREPROCESSOR_DEFINITIONS = (
					"DEBUG=1",
					"$(inherited)",
				);
				GCC_WARN_64_TO_32_BIT_CONVERSION = YES;
				GCC_WARN_ABOUT_RETURN_TYPE = YES_ERROR;
				GCC_WARN_UNDECLARED_SELECTOR = YES;
				GCC_WARN_UNINITIALIZED_AUTOS = YES_AGGRESSIVE;
				GCC_WARN_UNUSED_FUNCTION = YES;
				GCC_WARN_UNUSED_VARIABLE = YES;
				IPHONEOS_DEPLOYMENT_TARGET = 7.0;
				MACOSX_DEPLOYMENT_TARGET = 10.10;
				MTL_ENABLE_DEBUG_INFO = YES;
				ONLY_ACTIVE_ARCH = YES;
				SDKROOT = iphoneos;
				SWIFT_OPTIMIZATION_LEVEL = "-Onone";
				TARGETED_DEVICE_FAMILY = "1,2";
				VERSIONING_SYSTEM = "apple-generic";
				VERSION_INFO_PREFIX = "";
			};
			name = Debug;
		};
		F82B47111C791D36003A62CA /* Release */ = {
			isa = XCBuildConfiguration;
			buildSettings = {
				ALWAYS_SEARCH_USER_PATHS = NO;
				CLANG_CXX_LANGUAGE_STANDARD = "gnu++0x";
				CLANG_CXX_LIBRARY = "libc++";
				CLANG_ENABLE_MODULES = YES;
				CLANG_ENABLE_OBJC_ARC = YES;
				CLANG_WARN_BOOL_CONVERSION = YES;
				CLANG_WARN_CONSTANT_CONVERSION = YES;
				CLANG_WARN_DIRECT_OBJC_ISA_USAGE = YES_ERROR;
				CLANG_WARN_EMPTY_BODY = YES;
				CLANG_WARN_ENUM_CONVERSION = YES;
				CLANG_WARN_INT_CONVERSION = YES;
				CLANG_WARN_OBJC_ROOT_CLASS = YES_ERROR;
				CLANG_WARN_UNREACHABLE_CODE = YES;
				CLANG_WARN__DUPLICATE_METHOD_MATCH = YES;
				COPY_PHASE_STRIP = NO;
				CURRENT_PROJECT_VERSION = 1;
				DEBUG_INFORMATION_FORMAT = "dwarf-with-dsym";
				ENABLE_NS_ASSERTIONS = NO;
				ENABLE_STRICT_OBJC_MSGSEND = YES;
				GCC_C_LANGUAGE_STANDARD = gnu99;
				GCC_NO_COMMON_BLOCKS = YES;
				GCC_WARN_64_TO_32_BIT_CONVERSION = YES;
				GCC_WARN_ABOUT_RETURN_TYPE = YES_ERROR;
				GCC_WARN_UNDECLARED_SELECTOR = YES;
				GCC_WARN_UNINITIALIZED_AUTOS = YES_AGGRESSIVE;
				GCC_WARN_UNUSED_FUNCTION = YES;
				GCC_WARN_UNUSED_VARIABLE = YES;
				IPHONEOS_DEPLOYMENT_TARGET = 7.0;
				MACOSX_DEPLOYMENT_TARGET = 10.10;
				MTL_ENABLE_DEBUG_INFO = NO;
				SDKROOT = iphoneos;
				TARGETED_DEVICE_FAMILY = "1,2";
				VALIDATE_PRODUCT = YES;
				VERSIONING_SYSTEM = "apple-generic";
				VERSION_INFO_PREFIX = "";
			};
			name = Release;
		};
		F82B47131C791D36003A62CA /* Debug */ = {
			isa = XCBuildConfiguration;
			buildSettings = {
				CLANG_ENABLE_MODULES = YES;
				DEFINES_MODULE = YES;
				DYLIB_COMPATIBILITY_VERSION = 1;
				DYLIB_CURRENT_VERSION = 1;
				DYLIB_INSTALL_NAME_BASE = "@rpath";
				FRAMEWORK_SEARCH_PATHS = (
					"$(inherited)",
					"$(DEVELOPER_FRAMEWORKS_DIR)",
					"$(PLATFORM_DIR)/Developer/Library/Frameworks",
					"$(PROJECT_DIR)/Frameworks",
				);
				INFOPLIST_FILE = Swick/Info.plist;
				INSTALL_PATH = "$(LOCAL_LIBRARY_DIR)/Frameworks";
				LD_RUNPATH_SEARCH_PATHS = "$(inherited) @executable_path/Frameworks @loader_path/Frameworks";
				OTHER_LDFLAGS = (
					"$(inherited)",
					"-weak_framework",
					XCTest,
				);
				PRODUCT_BUNDLE_IDENTIFIER = com.razinov.Swick;
				PRODUCT_NAME = "$(TARGET_NAME)";
				SKIP_INSTALL = YES;
				SWIFT_OPTIMIZATION_LEVEL = "-Onone";
			};
			name = Debug;
		};
		F82B47141C791D36003A62CA /* Release */ = {
			isa = XCBuildConfiguration;
			buildSettings = {
				CLANG_ENABLE_MODULES = YES;
				DEFINES_MODULE = YES;
				DYLIB_COMPATIBILITY_VERSION = 1;
				DYLIB_CURRENT_VERSION = 1;
				DYLIB_INSTALL_NAME_BASE = "@rpath";
				FRAMEWORK_SEARCH_PATHS = (
					"$(inherited)",
					"$(DEVELOPER_FRAMEWORKS_DIR)",
					"$(PLATFORM_DIR)/Developer/Library/Frameworks",
					"$(PROJECT_DIR)/Frameworks",
				);
				INFOPLIST_FILE = Swick/Info.plist;
				INSTALL_PATH = "$(LOCAL_LIBRARY_DIR)/Frameworks";
				LD_RUNPATH_SEARCH_PATHS = "$(inherited) @executable_path/Frameworks @loader_path/Frameworks";
				OTHER_LDFLAGS = (
					"$(inherited)",
					"-weak_framework",
					XCTest,
				);
				PRODUCT_BUNDLE_IDENTIFIER = com.razinov.Swick;
				PRODUCT_NAME = "$(TARGET_NAME)";
				SKIP_INSTALL = YES;
			};
			name = Release;
		};
		F82B47161C791D36003A62CA /* Debug */ = {
			isa = XCBuildConfiguration;
			baseConfigurationReference = 0D03D14FD97A6D523D3D8B90 /* Pods-SwickTests.debug.xcconfig */;
			buildSettings = {
				INFOPLIST_FILE = SwickTests/Info.plist;
				IPHONEOS_DEPLOYMENT_TARGET = 8.0;
				LD_RUNPATH_SEARCH_PATHS = "$(inherited) @executable_path/Frameworks @loader_path/Frameworks";
				PRODUCT_BUNDLE_IDENTIFIER = com.razinov.SwickTests;
				PRODUCT_NAME = "$(TARGET_NAME)";
			};
			name = Debug;
		};
		F82B47171C791D36003A62CA /* Release */ = {
			isa = XCBuildConfiguration;
			baseConfigurationReference = C6D25348728D2F96B8EEB095 /* Pods-SwickTests.release.xcconfig */;
			buildSettings = {
				INFOPLIST_FILE = SwickTests/Info.plist;
				IPHONEOS_DEPLOYMENT_TARGET = 8.0;
				LD_RUNPATH_SEARCH_PATHS = "$(inherited) @executable_path/Frameworks @loader_path/Frameworks";
				PRODUCT_BUNDLE_IDENTIFIER = com.razinov.SwickTests;
				PRODUCT_NAME = "$(TARGET_NAME)";
			};
			name = Release;
		};
/* End XCBuildConfiguration section */

/* Begin XCConfigurationList section */
		F82B46F81C791D36003A62CA /* Build configuration list for PBXProject "Swick" */ = {
			isa = XCConfigurationList;
			buildConfigurations = (
				F82B47101C791D36003A62CA /* Debug */,
				F82B47111C791D36003A62CA /* Release */,
			);
			defaultConfigurationIsVisible = 0;
			defaultConfigurationName = Release;
		};
		F82B47121C791D36003A62CA /* Build configuration list for PBXNativeTarget "Swick" */ = {
			isa = XCConfigurationList;
			buildConfigurations = (
				F82B47131C791D36003A62CA /* Debug */,
				F82B47141C791D36003A62CA /* Release */,
			);
			defaultConfigurationIsVisible = 0;
			defaultConfigurationName = Release;
		};
		F82B47151C791D36003A62CA /* Build configuration list for PBXNativeTarget "SwickTests" */ = {
			isa = XCConfigurationList;
			buildConfigurations = (
				F82B47161C791D36003A62CA /* Debug */,
				F82B47171C791D36003A62CA /* Release */,
			);
			defaultConfigurationIsVisible = 0;
			defaultConfigurationName = Release;
		};
/* End XCConfigurationList section */
	};
	rootObject = F82B46F51C791D36003A62CA /* Project object */;
}
